
Microsoft Visual Studio Solution File, Format Version 12.00
# Visual Studio Version 16
VisualStudioVersion = 16.0.31321.278
MinimumVisualStudioVersion = 10.0.40219.1
Project("{9A19103F-16F7-4668-BE54-9A1E7A4F7556}") = "HandyAPI", "HandyAPI\HandyAPI.csproj", "{F15A51B0-3F1F-4688-8568-BCDB3B4EF084}"
EndProject
Project("{FAE04EC0-301F-11D3-BF4B-00C04F79EFBC}") = "BL", "BL\BL.csproj", "{DA76951C-0F46-4AC6-A9C8-0CCFFCBC8C3E}"
EndProject
Project("{FAE04EC0-301F-11D3-BF4B-00C04F79EFBC}") = "DAL", "DAL\DAL.csproj", "{F859F045-1CBC-4900-871A-DFB5DD6AAAD6}"
EndProject
Global
	GlobalSection(SolutionConfigurationPlatforms) = preSolution
		Debug|Any CPU = Debug|Any CPU
		Release|Any CPU = Release|Any CPU
	EndGlobalSection
	GlobalSection(ProjectConfigurationPlatforms) = postSolution
		{F15A51B0-3F1F-4688-8568-BCDB3B4EF084}.Debug|Any CPU.ActiveCfg = Debug|Any CPU
		{F15A51B0-3F1F-4688-8568-BCDB3B4EF084}.Debug|Any CPU.Build.0 = Debug|Any CPU
		{F15A51B0-3F1F-4688-8568-BCDB3B4EF084}.Release|Any CPU.ActiveCfg = Release|Any CPU
		{F15A51B0-3F1F-4688-8568-BCDB3B4EF084}.Release|Any CPU.Build.0 = Release|Any CPU
		{DA76951C-0F46-4AC6-A9C8-0CCFFCBC8C3E}.Debug|Any CPU.ActiveCfg = Debug|Any CPU
		{DA76951C-0F46-4AC6-A9C8-0CCFFCBC8C3E}.Debug|Any CPU.Build.0 = Debug|Any CPU
		{DA76951C-0F46-4AC6-A9C8-0CCFFCBC8C3E}.Release|Any CPU.ActiveCfg = Release|Any CPU
		{DA76951C-0F46-4AC6-A9C8-0CCFFCBC8C3E}.Release|Any CPU.Build.0 = Release|Any CPU
		{F859F045-1CBC-4900-871A-DFB5DD6AAAD6}.Debug|Any CPU.ActiveCfg = Debug|Any CPU
		{F859F045-1CBC-4900-871A-DFB5DD6AAAD6}.Debug|Any CPU.Build.0 = Debug|Any CPU
		{F859F045-1CBC-4900-871A-DFB5DD6AAAD6}.Release|Any CPU.ActiveCfg = Release|Any CPU
		{F859F045-1CBC-4900-871A-DFB5DD6AAAD6}.Release|Any CPU.Build.0 = Release|Any CPU
	EndGlobalSection
	GlobalSection(SolutionProperties) = preSolution
		HideSolutionNode = FALSE
	EndGlobalSection
	GlobalSection(ExtensibilityGlobals) = postSolution
		SolutionGuid = {E85502DD-B5E3-4DA8-AE03-D101D1E03B82}
	EndGlobalSection
EndGlobal
